// !$*UTF8*$!
{
	archiveVersion = 1;
	classes = {
	};
	objectVersion = 46;
	objects = {

/* Begin PBXBuildFile section */
		04002E8A1E248CD600B7D533 /* AppDelegate.swift in Sources */ = {isa = PBXBuildFile; fileRef = 04002E891E248CD600B7D533 /* AppDelegate.swift */; };
		04002E8C1E248CD600B7D533 /* ViewController.swift in Sources */ = {isa = PBXBuildFile; fileRef = 04002E8B1E248CD600B7D533 /* ViewController.swift */; };
		04002E8F1E248CD600B7D533 /* Main.storyboard in Resources */ = {isa = PBXBuildFile; fileRef = 04002E8D1E248CD600B7D533 /* Main.storyboard */; };
		04002E911E248CD600B7D533 /* Assets.xcassets in Resources */ = {isa = PBXBuildFile; fileRef = 04002E901E248CD600B7D533 /* Assets.xcassets */; };
		04002E941E248CD600B7D533 /* LaunchScreen.storyboard in Resources */ = {isa = PBXBuildFile; fileRef = 04002E921E248CD600B7D533 /* LaunchScreen.storyboard */; };
		04002E9F1E248CD700B7D533 /* _______KVC_Tests.swift in Sources */ = {isa = PBXBuildFile; fileRef = 04002E9E1E248CD700B7D533 /* _______KVC_Tests.swift */; };
		04002EAA1E248CD700B7D533 /* _______KVC_UITests.swift in Sources */ = {isa = PBXBuildFile; fileRef = 04002EA91E248CD700B7D533 /* _______KVC_UITests.swift */; };
		04002EB81E248D8B00B7D533 /* Person.swift in Sources */ = {isa = PBXBuildFile; fileRef = 04002EB71E248D8B00B7D533 /* Person.swift */; };
		04D200B11E24995E005D574D /* Student.swift in Sources */ = {isa = PBXBuildFile; fileRef = 04D200B01E24995E005D574D /* Student.swift */; };
/* End PBXBuildFile section */

/* Begin PBXContainerItemProxy section */
		04002E9B1E248CD700B7D533 /* PBXContainerItemProxy */ = {
			isa = PBXContainerItemProxy;
			containerPortal = 04002E7E1E248CD600B7D533 /* Project object */;
			proxyType = 1;
			remoteGlobalIDString = 04002E851E248CD600B7D533;
			remoteInfo = "2.构造函数（KVC）";
		};
		04002EA61E248CD700B7D533 /* PBXContainerItemProxy */ = {
			isa = PBXContainerItemProxy;
			containerPortal = 04002E7E1E248CD600B7D533 /* Project object */;
			proxyType = 1;
			remoteGlobalIDString = 04002E851E248CD600B7D533;
			remoteInfo = "2.构造函数（KVC）";
		};
/* End PBXContainerItemProxy section */

/* Begin PBXFileReference section */
		04002E861E248CD600B7D533 /* 2.构造函数（KVC）.app */ = {isa = PBXFileReference; explicitFileType = wrapper.application; includeInIndex = 0; path = "2.构造函数（KVC）.app"; sourceTree = BUILT_PRODUCTS_DIR; };
		04002E891E248CD600B7D533 /* AppDelegate.swift */ = {isa = PBXFileReference; lastKnownFileType = sourcecode.swift; path = AppDelegate.swift; sourceTree = "<group>"; };
		04002E8B1E248CD600B7D533 /* ViewController.swift */ = {isa = PBXFileReference; lastKnownFileType = sourcecode.swift; path = ViewController.swift; sourceTree = "<group>"; };
		04002E8E1E248CD600B7D533 /* Base */ = {isa = PBXFileReference; lastKnownFileType = file.storyboard; name = Base; path = Base.lproj/Main.storyboard; sourceTree = "<group>"; };
		04002E901E248CD600B7D533 /* Assets.xcassets */ = {isa = PBXFileReference; lastKnownFileType = folder.assetcatalog; path = Assets.xcassets; sourceTree = "<group>"; };
		04002E931E248CD600B7D533 /* Base */ = {isa = PBXFileReference; lastKnownFileType = file.storyboard; name = Base; path = Base.lproj/LaunchScreen.storyboard; sourceTree = "<group>"; };
		04002E951E248CD600B7D533 /* Info.plist */ = {isa = PBXFileReference; lastKnownFileType = text.plist.xml; path = Info.plist; sourceTree = "<group>"; };
		04002E9A1E248CD700B7D533 /* 2.构造函数（KVC）Tests.xctest */ = {isa = PBXFileReference; explicitFileType = wrapper.cfbundle; includeInIndex = 0; path = "2.构造函数（KVC）Tests.xctest"; sourceTree = BUILT_PRODUCTS_DIR; };
		04002E9E1E248CD700B7D533 /* _______KVC_Tests.swift */ = {isa = PBXFileReference; lastKnownFileType = sourcecode.swift; path = "_______KVC_Tests.swift"; sourceTree = "<group>"; };
		04002EA01E248CD700B7D533 /* Info.plist */ = {isa = PBXFileReference; lastKnownFileType = text.plist.xml; path = Info.plist; sourceTree = "<group>"; };
		04002EA51E248CD700B7D533 /* 2.构造函数（KVC）UITests.xctest */ = {isa = PBXFileReference; explicitFileType = wrapper.cfbundle; includeInIndex = 0; path = "2.构造函数（KVC）UITests.xctest"; sourceTree = BUILT_PRODUCTS_DIR; };
		04002EA91E248CD700B7D533 /* _______KVC_UITests.swift */ = {isa = PBXFileReference; lastKnownFileType = sourcecode.swift; path = "_______KVC_UITests.swift"; sourceTree = "<group>"; };
		04002EAB1E248CD700B7D533 /* Info.plist */ = {isa = PBXFileReference; lastKnownFileType = text.plist.xml; path = Info.plist; sourceTree = "<group>"; };
		04002EB71E248D8B00B7D533 /* Person.swift */ = {isa = PBXFileReference; fileEncoding = 4; lastKnownFileType = sourcecode.swift; path = Person.swift; sourceTree = "<group>"; };
		04D200B01E24995E005D574D /* Student.swift */ = {isa = PBXFileReference; fileEncoding = 4; lastKnownFileType = sourcecode.swift; path = Student.swift; sourceTree = "<group>"; };
/* End PBXFileReference section */

/* Begin PBXFrameworksBuildPhase section */
		04002E831E248CD600B7D533 /* Frameworks */ = {
			isa = PBXFrameworksBuildPhase;
			buildActionMask = 2147483647;
			files = (
			);
			runOnlyForDeploymentPostprocessing = 0;
		};
		04002E971E248CD700B7D533 /* Frameworks */ = {
			isa = PBXFrameworksBuildPhase;
			buildActionMask = 2147483647;
			files = (
			);
			runOnlyForDeploymentPostprocessing = 0;
		};
		04002EA21E248CD700B7D533 /* Frameworks */ = {
			isa = PBXFrameworksBuildPhase;
			buildActionMask = 2147483647;
			files = (
			);
			runOnlyForDeploymentPostprocessing = 0;
		};
/* End PBXFrameworksBuildPhase section */

/* Begin PBXGroup section */
		04002E7D1E248CD600B7D533 = {
			isa = PBXGroup;
			children = (
				04002E881E248CD600B7D533 /* 2.构造函数（KVC） */,
				04002E9D1E248CD700B7D533 /* 2.构造函数（KVC）Tests */,
				04002EA81E248CD700B7D533 /* 2.构造函数（KVC）UITests */,
				04002E871E248CD600B7D533 /* Products */,
			);
			sourceTree = "<group>";
		};
		04002E871E248CD600B7D533 /* Products */ = {
			isa = PBXGroup;
			children = (
				04002E861E248CD600B7D533 /* 2.构造函数（KVC）.app */,
				04002E9A1E248CD700B7D533 /* 2.构造函数（KVC）Tests.xctest */,
				04002EA51E248CD700B7D533 /* 2.构造函数（KVC）UITests.xctest */,
			);
			name = Products;
			sourceTree = "<group>";
		};
		04002E881E248CD600B7D533 /* 2.构造函数（KVC） */ = {
			isa = PBXGroup;
			children = (
				04002E891E248CD600B7D533 /* AppDelegate.swift */,
				04002E8B1E248CD600B7D533 /* ViewController.swift */,
				04002EB71E248D8B00B7D533 /* Person.swift */,
				04D200B01E24995E005D574D /* Student.swift */,
				04002E8D1E248CD600B7D533 /* Main.storyboard */,
				04002E901E248CD600B7D533 /* Assets.xcassets */,
				04002E921E248CD600B7D533 /* LaunchScreen.storyboard */,
				04002E951E248CD600B7D533 /* Info.plist */,
			);
			path = "2.构造函数（KVC）";
			sourceTree = "<group>";
		};
		04002E9D1E248CD700B7D533 /* 2.构造函数（KVC）Tests */ = {
			isa = PBXGroup;
			children = (
				04002E9E1E248CD700B7D533 /* _______KVC_Tests.swift */,
				04002EA01E248CD700B7D533 /* Info.plist */,
			);
			path = "2.构造函数（KVC）Tests";
			sourceTree = "<group>";
		};
		04002EA81E248CD700B7D533 /* 2.构造函数（KVC）UITests */ = {
			isa = PBXGroup;
			children = (
				04002EA91E248CD700B7D533 /* _______KVC_UITests.swift */,
				04002EAB1E248CD700B7D533 /* Info.plist */,
			);
			path = "2.构造函数（KVC）UITests";
			sourceTree = "<group>";
		};
/* End PBXGroup section */

/* Begin PBXNativeTarget section */
		04002E851E248CD600B7D533 /* 2.构造函数（KVC） */ = {
			isa = PBXNativeTarget;
			buildConfigurationList = 04002EAE1E248CD700B7D533 /* Build configuration list for PBXNativeTarget "2.构造函数（KVC）" */;
			buildPhases = (
				04002E821E248CD600B7D533 /* Sources */,
				04002E831E248CD600B7D533 /* Frameworks */,
				04002E841E248CD600B7D533 /* Resources */,
			);
			buildRules = (
			);
			dependencies = (
			);
			name = "2.构造函数（KVC）";
			productName = "2.构造函数（KVC）";
			productReference = 04002E861E248CD600B7D533 /* 2.构造函数（KVC）.app */;
			productType = "com.apple.product-type.application";
		};
		04002E991E248CD700B7D533 /* 2.构造函数（KVC）Tests */ = {
			isa = PBXNativeTarget;
			buildConfigurationList = 04002EB11E248CD700B7D533 /* Build configuration list for PBXNativeTarget "2.构造函数（KVC）Tests" */;
			buildPhases = (
				04002E961E248CD700B7D533 /* Sources */,
				04002E971E248CD700B7D533 /* Frameworks */,
				04002E981E248CD700B7D533 /* Resources */,
			);
			buildRules = (
			);
			dependencies = (
				04002E9C1E248CD700B7D533 /* PBXTargetDependency */,
			);
			name = "2.构造函数（KVC）Tests";
			productName = "2.构造函数（KVC）Tests";
			productReference = 04002E9A1E248CD700B7D533 /* 2.构造函数（KVC）Tests.xctest */;
			productType = "com.apple.product-type.bundle.unit-test";
		};
		04002EA41E248CD700B7D533 /* 2.构造函数（KVC）UITests */ = {
			isa = PBXNativeTarget;
			buildConfigurationList = 04002EB41E248CD700B7D533 /* Build configuration list for PBXNativeTarget "2.构造函数（KVC）UITests" */;
			buildPhases = (
				04002EA11E248CD700B7D533 /* Sources */,
				04002EA21E248CD700B7D533 /* Frameworks */,
				04002EA31E248CD700B7D533 /* Resources */,
			);
			buildRules = (
			);
			dependencies = (
				04002EA71E248CD700B7D533 /* PBXTargetDependency */,
			);
			name = "2.构造函数（KVC）UITests";
			productName = "2.构造函数（KVC）UITests";
			productReference = 04002EA51E248CD700B7D533 /* 2.构造函数（KVC）UITests.xctest */;
			productType = "com.apple.product-type.bundle.ui-testing";
		};
/* End PBXNativeTarget section */

/* Begin PBXProject section */
		04002E7E1E248CD600B7D533 /* Project object */ = {
			isa = PBXProject;
			attributes = {
				LastSwiftUpdateCheck = 0800;
				LastUpgradeCheck = 0800;
				ORGANIZATIONNAME = BBC6BAE9;
				TargetAttributes = {
					04002E851E248CD600B7D533 = {
						CreatedOnToolsVersion = 8.0;
						DevelopmentTeam = U3Z8K685BU;
						ProvisioningStyle = Automatic;
					};
					04002E991E248CD700B7D533 = {
						CreatedOnToolsVersion = 8.0;
						DevelopmentTeam = U3Z8K685BU;
						ProvisioningStyle = Automatic;
						TestTargetID = 04002E851E248CD600B7D533;
					};
					04002EA41E248CD700B7D533 = {
						CreatedOnToolsVersion = 8.0;
						DevelopmentTeam = U3Z8K685BU;
						ProvisioningStyle = Automatic;
						TestTargetID = 04002E851E248CD600B7D533;
					};
				};
			};
			buildConfigurationList = 04002E811E248CD600B7D533 /* Build configuration list for PBXProject "2.构造函数（KVC）" */;
			compatibilityVersion = "Xcode 3.2";
			developmentRegion = English;
			hasScannedForEncodings = 0;
			knownRegions = (
				en,
				Base,
			);
			mainGroup = 04002E7D1E248CD600B7D533;
			productRefGroup = 04002E871E248CD600B7D533 /* Products */;
			projectDirPath = "";
			projectRoot = "";
			targets = (
				04002E851E248CD600B7D533 /* 2.构造函数（KVC） */,
				04002E991E248CD700B7D533 /* 2.构造函数（KVC）Tests */,
				04002EA41E248CD700B7D533 /* 2.构造函数（KVC）UITests */,
			);
		};
/* End PBXProject section */

/* Begin PBXResourcesBuildPhase section */
		04002E841E248CD600B7D533 /* Resources */ = {
			isa = PBXResourcesBuildPhase;
			buildActionMask = 2147483647;
			files = (
				04002E941E248CD600B7D533 /* LaunchScreen.storyboard in Resources */,
				04002E911E248CD600B7D533 /* Assets.xcassets in Resources */,
				04002E8F1E248CD600B7D533 /* Main.storyboard in Resources */,
			);
			runOnlyForDeploymentPostprocessing = 0;
		};
		04002E981E248CD700B7D533 /* Resources */ = {
			isa = PBXResourcesBuildPhase;
			buildActionMask = 2147483647;
			files = (
			);
			runOnlyForDeploymentPostprocessing = 0;
		};
		04002EA31E248CD700B7D533 /* Resources */ = {
			isa = PBXResourcesBuildPhase;
			buildActionMask = 2147483647;
			files = (
			);
			runOnlyForDeploymentPostprocessing = 0;
		};
/* End PBXResourcesBuildPhase section */

/* Begin PBXSourcesBuildPhase section */
		04002E821E248CD600B7D533 /* Sources */ = {
			isa = PBXSourcesBuildPhase;
			buildActionMask = 2147483647;
			files = (
				04002EB81E248D8B00B7D533 /* Person.swift in Sources */,
				04002E8C1E248CD600B7D533 /* ViewController.swift in Sources */,
				04002E8A1E248CD600B7D533 /* AppDelegate.swift in Sources */,
				04D200B11E24995E005D574D /* Student.swift in Sources */,
			);
			runOnlyForDeploymentPostprocessing = 0;
		};
		04002E961E248CD700B7D533 /* Sources */ = {
			isa = PBXSourcesBuildPhase;
			buildActionMask = 2147483647;
			files = (
				04002E9F1E248CD700B7D533 /* _______KVC_Tests.swift in Sources */,
			);
			runOnlyForDeploymentPostprocessing = 0;
		};
		04002EA11E248CD700B7D533 /* Sources */ = {
			isa = PBXSourcesBuildPhase;
			buildActionMask = 2147483647;
			files = (
				04002EAA1E248CD700B7D533 /* _______KVC_UITests.swift in Sources */,
			);
			runOnlyForDeploymentPostprocessing = 0;
		};
/* End PBXSourcesBuildPhase section */

/* Begin PBXTargetDependency section */
		04002E9C1E248CD700B7D533 /* PBXTargetDependency */ = {
			isa = PBXTargetDependency;
			target = 04002E851E248CD600B7D533 /* 2.构造函数（KVC） */;
			targetProxy = 04002E9B1E248CD700B7D533 /* PBXContainerItemProxy */;
		};
		04002EA71E248CD700B7D533 /* PBXTargetDependency */ = {
			isa = PBXTargetDependency;
			target = 04002E851E248CD600B7D533 /* 2.构造函数（KVC） */;
			targetProxy = 04002EA61E248CD700B7D533 /* PBXContainerItemProxy */;
		};
/* End PBXTargetDependency section */

/* Begin PBXVariantGroup section */
		04002E8D1E248CD600B7D533 /* Main.storyboard */ = {
			isa = PBXVariantGroup;
			children = (
				04002E8E1E248CD600B7D533 /* Base */,
			);
			name = Main.storyboard;
			sourceTree = "<group>";
		};
		04002E921E248CD600B7D533 /* LaunchScreen.storyboard */ = {
			isa = PBXVariantGroup;
			children = (
				04002E931E248CD600B7D533 /* Base */,
			);
			name = LaunchScreen.storyboard;
			sourceTree = "<group>";
		};
/* End PBXVariantGroup section */

/* Begin XCBuildConfiguration section */
		04002EAC1E248CD700B7D533 /* Debug */ = {
			isa = XCBuildConfiguration;
			buildSettings = {
				ALWAYS_SEARCH_USER_PATHS = NO;
				CLANG_ANALYZER_NONNULL = YES;
				CLANG_CXX_LANGUAGE_STANDARD = "gnu++0x";
				CLANG_CXX_LIBRARY = "libc++";
				CLANG_ENABLE_MODULES = YES;
				CLANG_ENABLE_OBJC_ARC = YES;
				CLANG_WARN_BOOL_CONVERSION = YES;
				CLANG_WARN_CONSTANT_CONVERSION = YES;
				CLANG_WARN_DIRECT_OBJC_ISA_USAGE = YES_ERROR;
				CLANG_WARN_DOCUMENTATION_COMMENTS = YES;
				CLANG_WARN_EMPTY_BODY = YES;
				CLANG_WARN_ENUM_CONVERSION = YES;
				CLANG_WARN_INFINITE_RECURSION = YES;
				CLANG_WARN_INT_CONVERSION = YES;
				CLANG_WARN_OBJC_ROOT_CLASS = YES_ERROR;
				CLANG_WARN_SUSPICIOUS_MOVES = YES;
				CLANG_WARN_UNREACHABLE_CODE = YES;
				CLANG_WARN__DUPLICATE_METHOD_MATCH = YES;
				"CODE_SIGN_IDENTITY[sdk=iphoneos*]" = "iPhone Developer";
				COPY_PHASE_STRIP = NO;
				DEBUG_INFORMATION_FORMAT = dwarf;
				ENABLE_STRICT_OBJC_MSGSEND = YES;
				ENABLE_TESTABILITY = YES;
				GCC_C_LANGUAGE_STANDARD = gnu99;
				GCC_DYNAMIC_NO_PIC = NO;
				GCC_NO_COMMON_BLOCKS = YES;
				GCC_OPTIMIZATION_LEVEL = 0;
				GCC_PREPROCESSOR_DEFINITIONS = (
					"DEBUG=1",
					"$(inherited)",
				);
				GCC_WARN_64_TO_32_BIT_CONVERSION = YES;
				GCC_WARN_ABOUT_RETURN_TYPE = YES_ERROR;
				GCC_WARN_UNDECLARED_SELECTOR = YES;
				GCC_WARN_UNINITIALIZED_AUTOS = YES_AGGRESSIVE;
				GCC_WARN_UNUSED_FUNCTION = YES;
				GCC_WARN_UNUSED_VARIABLE = YES;
				IPHONEOS_DEPLOYMENT_TARGET = 10.0;
				MTL_ENABLE_DEBUG_INFO = YES;
				ONLY_ACTIVE_ARCH = YES;
				SDKROOT = iphoneos;
				SWIFT_ACTIVE_COMPILATION_CONDITIONS = DEBUG;
				SWIFT_OPTIMIZATION_LEVEL = "-Onone";
			};
			name = Debug;
		};
		04002EAD1E248CD700B7D533 /* Release */ = {
			isa = XCBuildConfiguration;
			buildSettings = {
				ALWAYS_SEARCH_USER_PATHS = NO;
				CLANG_ANALYZER_NONNULL = YES;
				CLANG_CXX_LANGUAGE_STANDARD = "gnu++0x";
				CLANG_CXX_LIBRARY = "libc++";
				CLANG_ENABLE_MODULES = YES;
				CLANG_ENABLE_OBJC_ARC = YES;
				CLANG_WARN_BOOL_CONVERSION = YES;
				CLANG_WARN_CONSTANT_CONVERSION = YES;
				CLANG_WARN_DIRECT_OBJC_ISA_USAGE = YES_ERROR;
				CLANG_WARN_DOCUMENTATION_COMMENTS = YES;
				CLANG_WARN_EMPTY_BODY = YES;
				CLANG_WARN_ENUM_CONVERSION = YES;
				CLANG_WARN_INFINITE_RECURSION = YES;
				CLANG_WARN_INT_CONVERSION = YES;
				CLANG_WARN_OBJC_ROOT_CLASS = YES_ERROR;
				CLANG_WARN_SUSPICIOUS_MOVES = YES;
				CLANG_WARN_UNREACHABLE_CODE = YES;
				CLANG_WARN__DUPLICATE_METHOD_MATCH = YES;
				"CODE_SIGN_IDENTITY[sdk=iphoneos*]" = "iPhone Developer";
				COPY_PHASE_STRIP = NO;
				DEBUG_INFORMATION_FORMAT = "dwarf-with-dsym";
				ENABLE_NS_ASSERTIONS = NO;
				ENABLE_STRICT_OBJC_MSGSEND = YES;
				GCC_C_LANGUAGE_STANDARD = gnu99;
				GCC_NO_COMMON_BLOCKS = YES;
				GCC_WARN_64_TO_32_BIT_CONVERSION = YES;
				GCC_WARN_ABOUT_RETURN_TYPE = YES_ERROR;
				GCC_WARN_UNDECLARED_SELECTOR = YES;
				GCC_WARN_UNINITIALIZED_AUTOS = YES_AGGRESSIVE;
				GCC_WARN_UNUSED_FUNCTION = YES;
				GCC_WARN_UNUSED_VARIABLE = YES;
				IPHONEOS_DEPLOYMENT_TARGET = 10.0;
				MTL_ENABLE_DEBUG_INFO = NO;
				SDKROOT = iphoneos;
				SWIFT_OPTIMIZATION_LEVEL = "-Owholemodule";
				VALIDATE_PRODUCT = YES;
			};
			name = Release;
		};
		04002EAF1E248CD700B7D533 /* Debug */ = {
			isa = XCBuildConfiguration;
			buildSettings = {
				ASSETCATALOG_COMPILER_APPICON_NAME = AppIcon;
				DEVELOPMENT_TEAM = U3Z8K685BU;
				INFOPLIST_FILE = "2.构造函数（KVC）/Info.plist";
				LD_RUNPATH_SEARCH_PATHS = "$(inherited) @executable_path/Frameworks";
				PRODUCT_BUNDLE_IDENTIFIER = "hh.-------KVC-";
				PRODUCT_NAME = "$(TARGET_NAME)";
				SWIFT_VERSION = 3.0;
			};
			name = Debug;
		};
		04002EB01E248CD700B7D533 /* Release */ = {
			isa = XCBuildConfiguration;
			buildSettings = {
				ASSETCATALOG_COMPILER_APPICON_NAME = AppIcon;
				DEVELOPMENT_TEAM = U3Z8K685BU;
				INFOPLIST_FILE = "2.构造函数（KVC）/Info.plist";
				LD_RUNPATH_SEARCH_PATHS = "$(inherited) @executable_path/Frameworks";
				PRODUCT_BUNDLE_IDENTIFIER = "hh.-------KVC-";
				PRODUCT_NAME = "$(TARGET_NAME)";
				SWIFT_VERSION = 3.0;
			};
			name = Release;
		};
		04002EB21E248CD700B7D533 /* Debug */ = {
			isa = XCBuildConfiguration;
			buildSettings = {
				ALWAYS_EMBED_SWIFT_STANDARD_LIBRARIES = YES;
				BUNDLE_LOADER = "$(TEST_HOST)";
				DEVELOPMENT_TEAM = U3Z8K685BU;
				INFOPLIST_FILE = "2.构造函数（KVC）Tests/Info.plist";
				LD_RUNPATH_SEARCH_PATHS = "$(inherited) @executable_path/Frameworks @loader_path/Frameworks";
				PRODUCT_BUNDLE_IDENTIFIER = "hh.-------KVC-Tests";
				PRODUCT_NAME = "$(TARGET_NAME)";
				SWIFT_VERSION = 3.0;
				TEST_HOST = "$(BUILT_PRODUCTS_DIR)/2.构造函数（KVC）.app/2.构造函数（KVC）";
			};
			name = Debug;
		};
		04002EB31E248CD700B7D533 /* Release */ = {
			isa = XCBuildConfiguration;
			buildSettings = {
				ALWAYS_EMBED_SWIFT_STANDARD_LIBRARIES = YES;
				BUNDLE_LOADER = "$(TEST_HOST)";
				DEVELOPMENT_TEAM = U3Z8K685BU;
				INFOPLIST_FILE = "2.构造函数（KVC）Tests/Info.plist";
				LD_RUNPATH_SEARCH_PATHS = "$(inherited) @executable_path/Frameworks @loader_path/Frameworks";
				PRODUCT_BUNDLE_IDENTIFIER = "hh.-------KVC-Tests";
				PRODUCT_NAME = "$(TARGET_NAME)";
				SWIFT_VERSION = 3.0;
				TEST_HOST = "$(BUILT_PRODUCTS_DIR)/2.构造函数（KVC）.app/2.构造函数（KVC）";
			};
			name = Release;
		};
		04002EB51E248CD700B7D533 /* Debug */ = {
			isa = XCBuildConfiguration;
			buildSettings = {
				ALWAYS_EMBED_SWIFT_STANDARD_LIBRARIES = YES;
				DEVELOPMENT_TEAM = U3Z8K685BU;
				INFOPLIST_FILE = "2.构造函数（KVC）UITests/Info.plist";
				LD_RUNPATH_SEARCH_PATHS = "$(inherited) @executable_path/Frameworks @loader_path/Frameworks";
				PRODUCT_BUNDLE_IDENTIFIER = "hh.-------KVC-UITests";
				PRODUCT_NAME = "$(TARGET_NAME)";
				SWIFT_VERSION = 3.0;
				TEST_TARGET_NAME = "2.构造函数（KVC）";
			};
			name = Debug;
		};
		04002EB61E248CD700B7D533 /* Release */ = {
			isa = XCBuildConfiguration;
			buildSettings = {
				ALWAYS_EMBED_SWIFT_STANDARD_LIBRARIES = YES;
				DEVELOPMENT_TEAM = U3Z8K685BU;
				INFOPLIST_FILE = "2.构造函数（KVC）UITests/Info.plist";
				LD_RUNPATH_SEARCH_PATHS = "$(inherited) @executable_path/Frameworks @loader_path/Frameworks";
				PRODUCT_BUNDLE_IDENTIFIER = "hh.-------KVC-UITests";
				PRODUCT_NAME = "$(TARGET_NAME)";
				SWIFT_VERSION = 3.0;
				TEST_TARGET_NAME = "2.构造函数（KVC）";
			};
			name = Release;
		};
/* End XCBuildConfiguration section */

/* Begin XCConfigurationList section */
		04002E811E248CD600B7D533 /* Build configuration list for PBXProject "2.构造函数（KVC）" */ = {
			isa = XCConfigurationList;
			buildConfigurations = (
				04002EAC1E248CD700B7D533 /* Debug */,
				04002EAD1E248CD700B7D533 /* Release */,
			);
			defaultConfigurationIsVisible = 0;
			defaultConfigurationName = Release;
		};
		04002EAE1E248CD700B7D533 /* Build configuration list for PBXNativeTarget "2.构造函数（KVC）" */ = {
			isa = XCConfigurationList;
			buildConfigurations = (
				04002EAF1E248CD700B7D533 /* Debug */,
				04002EB01E248CD700B7D533 /* Release */,
			);
			defaultConfigurationIsVisible = 0;
			defaultConfigurationName = Release;
		};
		04002EB11E248CD700B7D533 /* Build configuration list for PBXNativeTarget "2.构造函数（KVC）Tests" */ = {
			isa = XCConfigurationList;
			buildConfigurations = (
				04002EB21E248CD700B7D533 /* Debug */,
				04002EB31E248CD700B7D533 /* Release */,
			);
			defaultConfigurationIsVisible = 0;
			defaultConfigurationName = Release;
		};
		04002EB41E248CD700B7D533 /* Build configuration list for PBXNativeTarget "2.构造函数（KVC）UITests" */ = {
			isa = XCConfigurationList;
			buildConfigurations = (
				04002EB51E248CD700B7D533 /* Debug */,
				04002EB61E248CD700B7D533 /* Release */,
			);
			defaultConfigurationIsVisible = 0;
			defaultConfigurationName = Release;
		};
/* End XCConfigurationList section */
	};
	rootObject = 04002E7E1E248CD600B7D533 /* Project object */;
}
